{
  "name": "cube-drafity",
  "version": "0.0.2",
  "lockfileVersion": 1,
  "requires": true,
  "dependencies": {
    "@fullcalendar/core": {
      "version": "4.4.0",
      "resolved": "https://registry.npmjs.org/@fullcalendar/core/-/core-4.4.0.tgz",
      "integrity": "sha512-PC4mmXHJHAlXmUEmZVnePyA8yYCOBdxBNq8yjJqedEtT1X0x36yTFz/Y0Ux6bniICZDqYtk0xoxe6jaxi++e0g==",
      "dev": true
    },
    "primeng": {
      "version": "8.1.4",
      "resolved": "https://registry.npmjs.org/primeng/-/primeng-8.1.4.tgz",
      "integrity": "sha512-UHZ10i551zS3+g5GAADI99JhWriYs25QvYYh8wm3twi9HuCVpmRdpULqbsY6gIhvcl0qnPyVTLQM/XII//tVUg==",
      "dev": true
    }
  }
}
